
Microsoft Visual Studio Solution File, Format Version 12.00
# Visual Studio Version 17
VisualStudioVersion = 17.14.36414.22
MinimumVisualStudioVersion = 10.0.40219.1
Project("{FAE04EC0-301F-11D3-BF4B-00C04F79EFBC}") = "Laboratorio 4", "Laboratorio 4\Laboratorio 4.csproj", "{E8DAFD63-B77D-40CC-A149-A665B15DAD55}"
EndProject
Project("{FAE04EC0-301F-11D3-BF4B-00C04F79EFBC}") = "Laboratorio 4 2", "Laboratorio 4 2\Laboratorio 4 2.csproj", "{ECBB8CD1-000C-4D2D-888E-77E75B29D457}"
EndProject
Project("{FAE04EC0-301F-11D3-BF4B-00C04F79EFBC}") = "Laboratorio 4 3", "Laboratorio 4 3\Laboratorio 4 3.csproj", "{7671F7CE-49C3-4130-B133-0C589290A723}"
EndProject
Project("{FAE04EC0-301F-11D3-BF4B-00C04F79EFBC}") = "Laboratorio 4 4", "Laboratorio 4 4\Laboratorio 4 4.csproj", "{333937B8-CDB5-432D-8358-866A277BE67E}"
EndProject
Project("{FAE04EC0-301F-11D3-BF4B-00C04F79EFBC}") = "Laboratorio 4 5", "Laboratorio 4 5\Laboratorio 4 5.csproj", "{3BD2ECEA-0717-4F24-881C-BA8A94626BFB}"
EndProject
Project("{FAE04EC0-301F-11D3-BF4B-00C04F79EFBC}") = "Laboratorio 4 6", "Laboratorio 4 6\Laboratorio 4 6.csproj", "{CC1EB395-D016-456C-AEFC-B9F3FDA8EC61}"
EndProject
Project("{FAE04EC0-301F-11D3-BF4B-00C04F79EFBC}") = "Laboratorio 4 7", "Laboratorio 4 7\Laboratorio 4 7.csproj", "{D3FDD4C1-F52B-44FA-BB4F-5BE00900AC00}"
EndProject
Global
	GlobalSection(SolutionConfigurationPlatforms) = preSolution
		Debug|Any CPU = Debug|Any CPU
		Release|Any CPU = Release|Any CPU
	EndGlobalSection
	GlobalSection(ProjectConfigurationPlatforms) = postSolution
		{E8DAFD63-B77D-40CC-A149-A665B15DAD55}.Debug|Any CPU.ActiveCfg = Debug|Any CPU
		{E8DAFD63-B77D-40CC-A149-A665B15DAD55}.Debug|Any CPU.Build.0 = Debug|Any CPU
		{E8DAFD63-B77D-40CC-A149-A665B15DAD55}.Release|Any CPU.ActiveCfg = Release|Any CPU
		{E8DAFD63-B77D-40CC-A149-A665B15DAD55}.Release|Any CPU.Build.0 = Release|Any CPU
		{ECBB8CD1-000C-4D2D-888E-77E75B29D457}.Debug|Any CPU.ActiveCfg = Debug|Any CPU
		{ECBB8CD1-000C-4D2D-888E-77E75B29D457}.Debug|Any CPU.Build.0 = Debug|Any CPU
		{ECBB8CD1-000C-4D2D-888E-77E75B29D457}.Release|Any CPU.ActiveCfg = Release|Any CPU
		{ECBB8CD1-000C-4D2D-888E-77E75B29D457}.Release|Any CPU.Build.0 = Release|Any CPU
		{7671F7CE-49C3-4130-B133-0C589290A723}.Debug|Any CPU.ActiveCfg = Debug|Any CPU
		{7671F7CE-49C3-4130-B133-0C589290A723}.Debug|Any CPU.Build.0 = Debug|Any CPU
		{7671F7CE-49C3-4130-B133-0C589290A723}.Release|Any CPU.ActiveCfg = Release|Any CPU
		{7671F7CE-49C3-4130-B133-0C589290A723}.Release|Any CPU.Build.0 = Release|Any CPU
		{333937B8-CDB5-432D-8358-866A277BE67E}.Debug|Any CPU.ActiveCfg = Debug|Any CPU
		{333937B8-CDB5-432D-8358-866A277BE67E}.Debug|Any CPU.Build.0 = Debug|Any CPU
		{333937B8-CDB5-432D-8358-866A277BE67E}.Release|Any CPU.ActiveCfg = Release|Any CPU
		{333937B8-CDB5-432D-8358-866A277BE67E}.Release|Any CPU.Build.0 = Release|Any CPU
		{3BD2ECEA-0717-4F24-881C-BA8A94626BFB}.Debug|Any CPU.ActiveCfg = Debug|Any CPU
		{3BD2ECEA-0717-4F24-881C-BA8A94626BFB}.Debug|Any CPU.Build.0 = Debug|Any CPU
		{3BD2ECEA-0717-4F24-881C-BA8A94626BFB}.Release|Any CPU.ActiveCfg = Release|Any CPU
		{3BD2ECEA-0717-4F24-881C-BA8A94626BFB}.Release|Any CPU.Build.0 = Release|Any CPU
		{CC1EB395-D016-456C-AEFC-B9F3FDA8EC61}.Debug|Any CPU.ActiveCfg = Debug|Any CPU
		{CC1EB395-D016-456C-AEFC-B9F3FDA8EC61}.Debug|Any CPU.Build.0 = Debug|Any CPU
		{CC1EB395-D016-456C-AEFC-B9F3FDA8EC61}.Release|Any CPU.ActiveCfg = Release|Any CPU
		{CC1EB395-D016-456C-AEFC-B9F3FDA8EC61}.Release|Any CPU.Build.0 = Release|Any CPU
		{D3FDD4C1-F52B-44FA-BB4F-5BE00900AC00}.Debug|Any CPU.ActiveCfg = Debug|Any CPU
		{D3FDD4C1-F52B-44FA-BB4F-5BE00900AC00}.Debug|Any CPU.Build.0 = Debug|Any CPU
		{D3FDD4C1-F52B-44FA-BB4F-5BE00900AC00}.Release|Any CPU.ActiveCfg = Release|Any CPU
		{D3FDD4C1-F52B-44FA-BB4F-5BE00900AC00}.Release|Any CPU.Build.0 = Release|Any CPU
	EndGlobalSection
	GlobalSection(SolutionProperties) = preSolution
		HideSolutionNode = FALSE
	EndGlobalSection
	GlobalSection(ExtensibilityGlobals) = postSolution
		SolutionGuid = {26100AC1-6417-4C68-B646-4FED84C6790C}
	EndGlobalSection
EndGlobal
