
Microsoft Visual Studio Solution File, Format Version 12.00
# Visual Studio Version 17
VisualStudioVersion = 17.14.36414.22 d17.14
MinimumVisualStudioVersion = 10.0.40219.1
Project("{FAE04EC0-301F-11D3-BF4B-00C04F79EFBC}") = "Laboratorio 13", "Laboratorio 13\Laboratorio 13.csproj", "{8A46D8F0-02F7-4111-BC5A-20049398BF29}"
EndProject
Global
	GlobalSection(SolutionConfigurationPlatforms) = preSolution
		Debug|Any CPU = Debug|Any CPU
		Release|Any CPU = Release|Any CPU
	EndGlobalSection
	GlobalSection(ProjectConfigurationPlatforms) = postSolution
		{8A46D8F0-02F7-4111-BC5A-20049398BF29}.Debug|Any CPU.ActiveCfg = Debug|Any CPU
		{8A46D8F0-02F7-4111-BC5A-20049398BF29}.Debug|Any CPU.Build.0 = Debug|Any CPU
		{8A46D8F0-02F7-4111-BC5A-20049398BF29}.Release|Any CPU.ActiveCfg = Release|Any CPU
		{8A46D8F0-02F7-4111-BC5A-20049398BF29}.Release|Any CPU.Build.0 = Release|Any CPU
	EndGlobalSection
	GlobalSection(SolutionProperties) = preSolution
		HideSolutionNode = FALSE
	EndGlobalSection
	GlobalSection(ExtensibilityGlobals) = postSolution
		SolutionGuid = {23B23626-279B-4BC6-A7FC-FBD9131639AF}
	EndGlobalSection
EndGlobal
