
Microsoft Visual Studio Solution File, Format Version 12.00
# Visual Studio Version 17
VisualStudioVersion = 17.14.36616.10
MinimumVisualStudioVersion = 10.0.40219.1
Project("{FAE04EC0-301F-11D3-BF4B-00C04F79EFBC}") = "Laboratorio 19", "Laboratorio 19\Laboratorio 19.csproj", "{D4A3F82A-DFF5-43F7-8936-38D1C200A7DF}"
EndProject
Project("{FAE04EC0-301F-11D3-BF4B-00C04F79EFBC}") = "Laboratorio 19 2", "Laboratorio 19 2\Laboratorio 19 2.csproj", "{4C42CD52-2510-46B6-8947-CC7F3122EF53}"
EndProject
Project("{FAE04EC0-301F-11D3-BF4B-00C04F79EFBC}") = "Laboratorio 19 3", "Laboratorio 19 3\Laboratorio 19 3.csproj", "{90D9F934-B934-4426-A3FD-02E1C2C94CC4}"
EndProject
Global
	GlobalSection(SolutionConfigurationPlatforms) = preSolution
		Debug|Any CPU = Debug|Any CPU
		Release|Any CPU = Release|Any CPU
	EndGlobalSection
	GlobalSection(ProjectConfigurationPlatforms) = postSolution
		{D4A3F82A-DFF5-43F7-8936-38D1C200A7DF}.Debug|Any CPU.ActiveCfg = Debug|Any CPU
		{D4A3F82A-DFF5-43F7-8936-38D1C200A7DF}.Debug|Any CPU.Build.0 = Debug|Any CPU
		{D4A3F82A-DFF5-43F7-8936-38D1C200A7DF}.Release|Any CPU.ActiveCfg = Release|Any CPU
		{D4A3F82A-DFF5-43F7-8936-38D1C200A7DF}.Release|Any CPU.Build.0 = Release|Any CPU
		{4C42CD52-2510-46B6-8947-CC7F3122EF53}.Debug|Any CPU.ActiveCfg = Debug|Any CPU
		{4C42CD52-2510-46B6-8947-CC7F3122EF53}.Debug|Any CPU.Build.0 = Debug|Any CPU
		{4C42CD52-2510-46B6-8947-CC7F3122EF53}.Release|Any CPU.ActiveCfg = Release|Any CPU
		{4C42CD52-2510-46B6-8947-CC7F3122EF53}.Release|Any CPU.Build.0 = Release|Any CPU
		{90D9F934-B934-4426-A3FD-02E1C2C94CC4}.Debug|Any CPU.ActiveCfg = Debug|Any CPU
		{90D9F934-B934-4426-A3FD-02E1C2C94CC4}.Debug|Any CPU.Build.0 = Debug|Any CPU
		{90D9F934-B934-4426-A3FD-02E1C2C94CC4}.Release|Any CPU.ActiveCfg = Release|Any CPU
		{90D9F934-B934-4426-A3FD-02E1C2C94CC4}.Release|Any CPU.Build.0 = Release|Any CPU
	EndGlobalSection
	GlobalSection(SolutionProperties) = preSolution
		HideSolutionNode = FALSE
	EndGlobalSection
	GlobalSection(ExtensibilityGlobals) = postSolution
		SolutionGuid = {D36A0C3D-1DFD-4AD9-B1C8-209E76A73747}
	EndGlobalSection
EndGlobal
