
Microsoft Visual Studio Solution File, Format Version 12.00
# Visual Studio Version 17
VisualStudioVersion = 17.14.36616.10 d17.14
MinimumVisualStudioVersion = 10.0.40219.1
Project("{FAE04EC0-301F-11D3-BF4B-00C04F79EFBC}") = "Laboratorio 20", "Laboratorio 20\Laboratorio 20.csproj", "{4D87D3F0-5A97-4F74-BB0B-DC45864D330B}"
EndProject
Project("{FAE04EC0-301F-11D3-BF4B-00C04F79EFBC}") = "Laboratorio 20 2", "Laboratorio 20 2\Laboratorio 20 2.csproj", "{882F2512-591A-46DD-ADEC-B3C4F42CD8FD}"
EndProject
Project("{FAE04EC0-301F-11D3-BF4B-00C04F79EFBC}") = "Laboratorio 20 3", "Laboratorio 20 3\Laboratorio 20 3.csproj", "{9E201A4E-022A-4351-85EA-2566F2C78AB9}"
EndProject
Global
	GlobalSection(SolutionConfigurationPlatforms) = preSolution
		Debug|Any CPU = Debug|Any CPU
		Release|Any CPU = Release|Any CPU
	EndGlobalSection
	GlobalSection(ProjectConfigurationPlatforms) = postSolution
		{4D87D3F0-5A97-4F74-BB0B-DC45864D330B}.Debug|Any CPU.ActiveCfg = Debug|Any CPU
		{4D87D3F0-5A97-4F74-BB0B-DC45864D330B}.Debug|Any CPU.Build.0 = Debug|Any CPU
		{4D87D3F0-5A97-4F74-BB0B-DC45864D330B}.Release|Any CPU.ActiveCfg = Release|Any CPU
		{4D87D3F0-5A97-4F74-BB0B-DC45864D330B}.Release|Any CPU.Build.0 = Release|Any CPU
		{882F2512-591A-46DD-ADEC-B3C4F42CD8FD}.Debug|Any CPU.ActiveCfg = Debug|Any CPU
		{882F2512-591A-46DD-ADEC-B3C4F42CD8FD}.Debug|Any CPU.Build.0 = Debug|Any CPU
		{882F2512-591A-46DD-ADEC-B3C4F42CD8FD}.Release|Any CPU.ActiveCfg = Release|Any CPU
		{882F2512-591A-46DD-ADEC-B3C4F42CD8FD}.Release|Any CPU.Build.0 = Release|Any CPU
		{9E201A4E-022A-4351-85EA-2566F2C78AB9}.Debug|Any CPU.ActiveCfg = Debug|Any CPU
		{9E201A4E-022A-4351-85EA-2566F2C78AB9}.Debug|Any CPU.Build.0 = Debug|Any CPU
		{9E201A4E-022A-4351-85EA-2566F2C78AB9}.Release|Any CPU.ActiveCfg = Release|Any CPU
		{9E201A4E-022A-4351-85EA-2566F2C78AB9}.Release|Any CPU.Build.0 = Release|Any CPU
	EndGlobalSection
	GlobalSection(SolutionProperties) = preSolution
		HideSolutionNode = FALSE
	EndGlobalSection
	GlobalSection(ExtensibilityGlobals) = postSolution
		SolutionGuid = {EBB5C4F2-2552-4326-9466-48DA3CC1D354}
	EndGlobalSection
EndGlobal
